{
    "name": "node-red-contrib-smarthome-shading",
    "version": "0.0.2",
    "lockfileVersion": 2,
    "requires": true,
    "packages": {
        "": {
            "name": "node-red-contrib-smarthome-shading",
            "version": "0.0.2",
            "license": "EUPL-1.2",
            "dependencies": {
                "suncalc": "1.8.*"
            }
        },
        "node_modules/suncalc": {
            "version": "1.8.0"
        }
    },
    "dependencies": {
        "suncalc": {
            "version": "1.8.0"
        }
    }
}
